// !$*UTF8*$!
{
	archiveVersion = 1;
	classes = {
	};
	objectVersion = 55;
	objects = {

/* Begin PBXBuildFile section */
		FB0B646429247580007EA574 /* ExamVocabularyController.swift in Sources */ = {isa = PBXBuildFile; fileRef = FB0B646329247580007EA574 /* ExamVocabularyController.swift */; };
		FB35B6A3293199E7007E9235 /* AvisoDePrivacidadController.swift in Sources */ = {isa = PBXBuildFile; fileRef = FB35B6A2293199E7007E9235 /* AvisoDePrivacidadController.swift */; };
		FB3745862936C4FA00F363F1 /* Settings.swift in Sources */ = {isa = PBXBuildFile; fileRef = FB3745852936C4FA00F363F1 /* Settings.swift */; };
		FB3745882936C50800F363F1 /* MemberProfileController.swift in Sources */ = {isa = PBXBuildFile; fileRef = FB3745872936C50700F363F1 /* MemberProfileController.swift */; };
		FB477B6A2927197900E7C24E /* ExamController.swift in Sources */ = {isa = PBXBuildFile; fileRef = FB477B692927197900E7C24E /* ExamController.swift */; };
		FB549D712935959E002502E2 /* LectionTableViewCell.swift in Sources */ = {isa = PBXBuildFile; fileRef = FB549D5F2935959D002502E2 /* LectionTableViewCell.swift */; };
		FB549D722935959E002502E2 /* LectionExamTableViewCell.swift in Sources */ = {isa = PBXBuildFile; fileRef = FB549D602935959D002502E2 /* LectionExamTableViewCell.swift */; };
		FB549D732935959E002502E2 /* GroupsViewController.swift in Sources */ = {isa = PBXBuildFile; fileRef = FB549D612935959D002502E2 /* GroupsViewController.swift */; };
		FB549D742935959E002502E2 /* GroupsTableViewCell.xib in Resources */ = {isa = PBXBuildFile; fileRef = FB549D622935959D002502E2 /* GroupsTableViewCell.xib */; };
		FB549D752935959E002502E2 /* LectionTableViewCell.xib in Resources */ = {isa = PBXBuildFile; fileRef = FB549D632935959E002502E2 /* LectionTableViewCell.xib */; };
		FB549D762935959E002502E2 /* MyExamsTableViewCell.swift in Sources */ = {isa = PBXBuildFile; fileRef = FB549D642935959E002502E2 /* MyExamsTableViewCell.swift */; };
		FB549D772935959E002502E2 /* DiccionarioTableViewCell.xib in Resources */ = {isa = PBXBuildFile; fileRef = FB549D652935959E002502E2 /* DiccionarioTableViewCell.xib */; };
		FB549D782935959E002502E2 /* CurrentLection.swift in Sources */ = {isa = PBXBuildFile; fileRef = FB549D662935959E002502E2 /* CurrentLection.swift */; };
		FB549D792935959E002502E2 /* DiccionarioTableViewCell.swift in Sources */ = {isa = PBXBuildFile; fileRef = FB549D672935959E002502E2 /* DiccionarioTableViewCell.swift */; };
		FB549D7A2935959E002502E2 /* ExamVocabTableViewCell.swift in Sources */ = {isa = PBXBuildFile; fileRef = FB549D682935959E002502E2 /* ExamVocabTableViewCell.swift */; };
		FB549D7B2935959E002502E2 /* DiccionarioController.swift in Sources */ = {isa = PBXBuildFile; fileRef = FB549D692935959E002502E2 /* DiccionarioController.swift */; };
		FB549D7C2935959E002502E2 /* ExamVocabTableViewCell.xib in Resources */ = {isa = PBXBuildFile; fileRef = FB549D6A2935959E002502E2 /* ExamVocabTableViewCell.xib */; };
		FB549D7D2935959E002502E2 /* LectionExamTableViewCell.xib in Resources */ = {isa = PBXBuildFile; fileRef = FB549D6B2935959E002502E2 /* LectionExamTableViewCell.xib */; };
		FB549D7F2935959E002502E2 /* GroupsTableViewCell.swift in Sources */ = {isa = PBXBuildFile; fileRef = FB549D6D2935959E002502E2 /* GroupsTableViewCell.swift */; };
		FB549D802935959E002502E2 /* MyExamsTableViewCell.xib in Resources */ = {isa = PBXBuildFile; fileRef = FB549D6E2935959E002502E2 /* MyExamsTableViewCell.xib */; };
		FB55933F2935A0EA00033CFB /* DictionaryTableViewCell.swift in Sources */ = {isa = PBXBuildFile; fileRef = FB55933E2935A0EA00033CFB /* DictionaryTableViewCell.swift */; };
		FB5593412935A0F600033CFB /* DictionaryTableViewCell.xib in Resources */ = {isa = PBXBuildFile; fileRef = FB5593402935A0F600033CFB /* DictionaryTableViewCell.xib */; };
		FB7EF70B291B3DDC006FA908 /* DropDown in Frameworks */ = {isa = PBXBuildFile; productRef = FB7EF70A291B3DDC006FA908 /* DropDown */; };
		FB85CF33292E6235007F1DA6 /* AdminProfileController.swift in Sources */ = {isa = PBXBuildFile; fileRef = FB85CF32292E6235007F1DA6 /* AdminProfileController.swift */; };
		FBB6B0FD29132EC300DA7E84 /* AppDelegate.swift in Sources */ = {isa = PBXBuildFile; fileRef = FBB6B0FC29132EC300DA7E84 /* AppDelegate.swift */; };
		FBB6B0FF29132EC300DA7E84 /* SceneDelegate.swift in Sources */ = {isa = PBXBuildFile; fileRef = FBB6B0FE29132EC300DA7E84 /* SceneDelegate.swift */; };
		FBB6B10129132EC300DA7E84 /* ViewController.swift in Sources */ = {isa = PBXBuildFile; fileRef = FBB6B10029132EC300DA7E84 /* ViewController.swift */; };
		FBB6B10429132EC300DA7E84 /* Main.storyboard in Resources */ = {isa = PBXBuildFile; fileRef = FBB6B10229132EC300DA7E84 /* Main.storyboard */; };
		FBB6B10929132EC600DA7E84 /* LaunchScreen.storyboard in Resources */ = {isa = PBXBuildFile; fileRef = FBB6B10729132EC600DA7E84 /* LaunchScreen.storyboard */; };
		FBB6B11529148B3700DA7E84 /* CompanyController.swift in Sources */ = {isa = PBXBuildFile; fileRef = FBB6B11429148B3700DA7E84 /* CompanyController.swift */; };
		FBB6B11729148D8800DA7E84 /* LectionController.swift in Sources */ = {isa = PBXBuildFile; fileRef = FBB6B11629148D8800DA7E84 /* LectionController.swift */; };
		FBB6B11A29148DAA00DA7E84 /* LectionTable.swift in Sources */ = {isa = PBXBuildFile; fileRef = FBB6B11929148DAA00DA7E84 /* LectionTable.swift */; };
		FBB6B11C2915490F00DA7E84 /* SignUpController.swift in Sources */ = {isa = PBXBuildFile; fileRef = FBB6B11B2915490F00DA7E84 /* SignUpController.swift */; };
		FBB6B11E2915548100DA7E84 /* ProfileController.swift in Sources */ = {isa = PBXBuildFile; fileRef = FBB6B11D2915548100DA7E84 /* ProfileController.swift */; };
		FBB91892292D9B9F00E1688F /* CreateGroupController.swift in Sources */ = {isa = PBXBuildFile; fileRef = FBB91891292D9B9F00E1688F /* CreateGroupController.swift */; };
		FBB91894292DABC300E1688F /* ConfigureViewController.swift in Sources */ = {isa = PBXBuildFile; fileRef = FBB91893292DABC300E1688F /* ConfigureViewController.swift */; };
		FBE5526F291DE415009F443F /* FirebaseAnalytics in Frameworks */ = {isa = PBXBuildFile; productRef = FBE5526E291DE415009F443F /* FirebaseAnalytics */; };
		FBE55271291DE415009F443F /* FirebaseAuth in Frameworks */ = {isa = PBXBuildFile; productRef = FBE55270291DE415009F443F /* FirebaseAuth */; };
		FBE55273291DE415009F443F /* FirebaseDatabase in Frameworks */ = {isa = PBXBuildFile; productRef = FBE55272291DE415009F443F /* FirebaseDatabase */; };
		FBE55275291DE415009F443F /* FirebaseFirestore in Frameworks */ = {isa = PBXBuildFile; productRef = FBE55274291DE415009F443F /* FirebaseFirestore */; };
		FBE55277291DE415009F443F /* FirebaseFirestoreCombine-Community in Frameworks */ = {isa = PBXBuildFile; productRef = FBE55276291DE415009F443F /* FirebaseFirestoreCombine-Community */; };
		FBE55279291DE415009F443F /* FirebaseFirestoreSwift in Frameworks */ = {isa = PBXBuildFile; productRef = FBE55278291DE415009F443F /* FirebaseFirestoreSwift */; };
		FBFBE71229304D35008583C5 /* JoinGroupController.swift in Sources */ = {isa = PBXBuildFile; fileRef = FBFBE71129304D35008583C5 /* JoinGroupController.swift */; };
		FBFBE71829306148008583C5 /* Variables.swift in Sources */ = {isa = PBXBuildFile; fileRef = FBFBE71729306148008583C5 /* Variables.swift */; };
		FBFBE71A29306644008583C5 /* GoogleService-Info.plist in Resources */ = {isa = PBXBuildFile; fileRef = FBFBE71929306644008583C5 /* GoogleService-Info.plist */; };
		FBFBE71C29306656008583C5 /* Assets.xcassets in Resources */ = {isa = PBXBuildFile; fileRef = FBFBE71B29306656008583C5 /* Assets.xcassets */; };
/* End PBXBuildFile section */

/* Begin PBXFileReference section */
		FB0B646329247580007EA574 /* ExamVocabularyController.swift */ = {isa = PBXFileReference; lastKnownFileType = sourcecode.swift; path = ExamVocabularyController.swift; sourceTree = "<group>"; };
		FB35B6A2293199E7007E9235 /* AvisoDePrivacidadController.swift */ = {isa = PBXFileReference; lastKnownFileType = sourcecode.swift; path = AvisoDePrivacidadController.swift; sourceTree = "<group>"; };
		FB3745852936C4FA00F363F1 /* Settings.swift */ = {isa = PBXFileReference; fileEncoding = 4; lastKnownFileType = sourcecode.swift; path = Settings.swift; sourceTree = "<group>"; };
		FB3745872936C50700F363F1 /* MemberProfileController.swift */ = {isa = PBXFileReference; fileEncoding = 4; lastKnownFileType = sourcecode.swift; path = MemberProfileController.swift; sourceTree = "<group>"; };
		FB477B692927197900E7C24E /* ExamController.swift */ = {isa = PBXFileReference; lastKnownFileType = sourcecode.swift; path = ExamController.swift; sourceTree = "<group>"; };
		FB549D5F2935959D002502E2 /* LectionTableViewCell.swift */ = {isa = PBXFileReference; fileEncoding = 4; lastKnownFileType = sourcecode.swift; path = LectionTableViewCell.swift; sourceTree = "<group>"; };
		FB549D602935959D002502E2 /* LectionExamTableViewCell.swift */ = {isa = PBXFileReference; fileEncoding = 4; lastKnownFileType = sourcecode.swift; path = LectionExamTableViewCell.swift; sourceTree = "<group>"; };
		FB549D612935959D002502E2 /* GroupsViewController.swift */ = {isa = PBXFileReference; fileEncoding = 4; lastKnownFileType = sourcecode.swift; path = GroupsViewController.swift; sourceTree = "<group>"; };
		FB549D622935959D002502E2 /* GroupsTableViewCell.xib */ = {isa = PBXFileReference; fileEncoding = 4; lastKnownFileType = file.xib; path = GroupsTableViewCell.xib; sourceTree = "<group>"; };
		FB549D632935959E002502E2 /* LectionTableViewCell.xib */ = {isa = PBXFileReference; fileEncoding = 4; lastKnownFileType = file.xib; path = LectionTableViewCell.xib; sourceTree = "<group>"; };
		FB549D642935959E002502E2 /* MyExamsTableViewCell.swift */ = {isa = PBXFileReference; fileEncoding = 4; lastKnownFileType = sourcecode.swift; path = MyExamsTableViewCell.swift; sourceTree = "<group>"; };
		FB549D652935959E002502E2 /* DiccionarioTableViewCell.xib */ = {isa = PBXFileReference; fileEncoding = 4; lastKnownFileType = file.xib; path = DiccionarioTableViewCell.xib; sourceTree = "<group>"; };
		FB549D662935959E002502E2 /* CurrentLection.swift */ = {isa = PBXFileReference; fileEncoding = 4; lastKnownFileType = sourcecode.swift; path = CurrentLection.swift; sourceTree = "<group>"; };
		FB549D672935959E002502E2 /* DiccionarioTableViewCell.swift */ = {isa = PBXFileReference; fileEncoding = 4; lastKnownFileType = sourcecode.swift; path = DiccionarioTableViewCell.swift; sourceTree = "<group>"; };
		FB549D682935959E002502E2 /* ExamVocabTableViewCell.swift */ = {isa = PBXFileReference; fileEncoding = 4; lastKnownFileType = sourcecode.swift; path = ExamVocabTableViewCell.swift; sourceTree = "<group>"; };
		FB549D692935959E002502E2 /* DiccionarioController.swift */ = {isa = PBXFileReference; fileEncoding = 4; lastKnownFileType = sourcecode.swift; path = DiccionarioController.swift; sourceTree = "<group>"; };
		FB549D6A2935959E002502E2 /* ExamVocabTableViewCell.xib */ = {isa = PBXFileReference; fileEncoding = 4; lastKnownFileType = file.xib; path = ExamVocabTableViewCell.xib; sourceTree = "<group>"; };
		FB549D6B2935959E002502E2 /* LectionExamTableViewCell.xib */ = {isa = PBXFileReference; fileEncoding = 4; lastKnownFileType = file.xib; path = LectionExamTableViewCell.xib; sourceTree = "<group>"; };
		FB549D6D2935959E002502E2 /* GroupsTableViewCell.swift */ = {isa = PBXFileReference; fileEncoding = 4; lastKnownFileType = sourcecode.swift; path = GroupsTableViewCell.swift; sourceTree = "<group>"; };
		FB549D6E2935959E002502E2 /* MyExamsTableViewCell.xib */ = {isa = PBXFileReference; fileEncoding = 4; lastKnownFileType = file.xib; path = MyExamsTableViewCell.xib; sourceTree = "<group>"; };
		FB549D702935959E002502E2 /* Info.plist */ = {isa = PBXFileReference; fileEncoding = 4; lastKnownFileType = text.plist.xml; path = Info.plist; sourceTree = "<group>"; };
		FB55933E2935A0EA00033CFB /* DictionaryTableViewCell.swift */ = {isa = PBXFileReference; fileEncoding = 4; lastKnownFileType = sourcecode.swift; path = DictionaryTableViewCell.swift; sourceTree = "<group>"; };
		FB5593402935A0F600033CFB /* DictionaryTableViewCell.xib */ = {isa = PBXFileReference; fileEncoding = 4; lastKnownFileType = file.xib; path = DictionaryTableViewCell.xib; sourceTree = "<group>"; };
		FB85CF32292E6235007F1DA6 /* AdminProfileController.swift */ = {isa = PBXFileReference; lastKnownFileType = sourcecode.swift; path = AdminProfileController.swift; sourceTree = "<group>"; };
		FBB6B0F929132EC300DA7E84 /* SignLanguage.app */ = {isa = PBXFileReference; explicitFileType = wrapper.application; includeInIndex = 0; path = SignLanguage.app; sourceTree = BUILT_PRODUCTS_DIR; };
		FBB6B0FC29132EC300DA7E84 /* AppDelegate.swift */ = {isa = PBXFileReference; lastKnownFileType = sourcecode.swift; path = AppDelegate.swift; sourceTree = "<group>"; };
		FBB6B0FE29132EC300DA7E84 /* SceneDelegate.swift */ = {isa = PBXFileReference; lastKnownFileType = sourcecode.swift; path = SceneDelegate.swift; sourceTree = "<group>"; };
		FBB6B10029132EC300DA7E84 /* ViewController.swift */ = {isa = PBXFileReference; lastKnownFileType = sourcecode.swift; path = ViewController.swift; sourceTree = "<group>"; };
		FBB6B10329132EC300DA7E84 /* Base */ = {isa = PBXFileReference; lastKnownFileType = file.storyboard; name = Base; path = Base.lproj/Main.storyboard; sourceTree = "<group>"; };
		FBB6B10829132EC600DA7E84 /* Base */ = {isa = PBXFileReference; lastKnownFileType = file.storyboard; name = Base; path = Base.lproj/LaunchScreen.storyboard; sourceTree = "<group>"; };
		FBB6B11429148B3700DA7E84 /* CompanyController.swift */ = {isa = PBXFileReference; lastKnownFileType = sourcecode.swift; path = CompanyController.swift; sourceTree = "<group>"; };
		FBB6B11629148D8800DA7E84 /* LectionController.swift */ = {isa = PBXFileReference; lastKnownFileType = sourcecode.swift; path = LectionController.swift; sourceTree = "<group>"; };
		FBB6B11929148DAA00DA7E84 /* LectionTable.swift */ = {isa = PBXFileReference; lastKnownFileType = sourcecode.swift; path = LectionTable.swift; sourceTree = "<group>"; };
		FBB6B11B2915490F00DA7E84 /* SignUpController.swift */ = {isa = PBXFileReference; lastKnownFileType = sourcecode.swift; path = SignUpController.swift; sourceTree = "<group>"; };
		FBB6B11D2915548100DA7E84 /* ProfileController.swift */ = {isa = PBXFileReference; lastKnownFileType = sourcecode.swift; path = ProfileController.swift; sourceTree = "<group>"; };
		FBB91891292D9B9F00E1688F /* CreateGroupController.swift */ = {isa = PBXFileReference; lastKnownFileType = sourcecode.swift; path = CreateGroupController.swift; sourceTree = "<group>"; };
		FBB91893292DABC300E1688F /* ConfigureViewController.swift */ = {isa = PBXFileReference; lastKnownFileType = sourcecode.swift; path = ConfigureViewController.swift; sourceTree = "<group>"; };
		FBFBE71129304D35008583C5 /* JoinGroupController.swift */ = {isa = PBXFileReference; lastKnownFileType = sourcecode.swift; path = JoinGroupController.swift; sourceTree = "<group>"; };
		FBFBE71729306148008583C5 /* Variables.swift */ = {isa = PBXFileReference; lastKnownFileType = sourcecode.swift; path = Variables.swift; sourceTree = "<group>"; };
		FBFBE71929306644008583C5 /* GoogleService-Info.plist */ = {isa = PBXFileReference; fileEncoding = 4; lastKnownFileType = text.plist.xml; path = "GoogleService-Info.plist"; sourceTree = "<group>"; };
		FBFBE71B29306656008583C5 /* Assets.xcassets */ = {isa = PBXFileReference; lastKnownFileType = folder.assetcatalog; path = Assets.xcassets; sourceTree = "<group>"; };
/* End PBXFileReference section */

/* Begin PBXFrameworksBuildPhase section */
		FBB6B0F629132EC300DA7E84 /* Frameworks */ = {
			isa = PBXFrameworksBuildPhase;
			buildActionMask = 2147483647;
			files = (
				FBE5526F291DE415009F443F /* FirebaseAnalytics in Frameworks */,
				FBE55271291DE415009F443F /* FirebaseAuth in Frameworks */,
				FBE55273291DE415009F443F /* FirebaseDatabase in Frameworks */,
				FBE55279291DE415009F443F /* FirebaseFirestoreSwift in Frameworks */,
				FBE55277291DE415009F443F /* FirebaseFirestoreCombine-Community in Frameworks */,
				FBE55275291DE415009F443F /* FirebaseFirestore in Frameworks */,
				FB7EF70B291B3DDC006FA908 /* DropDown in Frameworks */,
			);
			runOnlyForDeploymentPostprocessing = 0;
		};
/* End PBXFrameworksBuildPhase section */

/* Begin PBXGroup section */
		FBB6B0F029132EC300DA7E84 = {
			isa = PBXGroup;
			children = (
				FBB6B0FB29132EC300DA7E84 /* SignLanguage */,
				FBB6B0FA29132EC300DA7E84 /* Products */,
				FBFBE7152930534B008583C5 /* Recovered References */,
			);
			sourceTree = "<group>";
		};
		FBB6B0FA29132EC300DA7E84 /* Products */ = {
			isa = PBXGroup;
			children = (
				FBB6B0F929132EC300DA7E84 /* SignLanguage.app */,
			);
			name = Products;
			sourceTree = "<group>";
		};
		FBB6B0FB29132EC300DA7E84 /* SignLanguage */ = {
			isa = PBXGroup;
			children = (
				FB85CF32292E6235007F1DA6 /* AdminProfileController.swift */,
				FBB6B0FC29132EC300DA7E84 /* AppDelegate.swift */,
				FBFBE71B29306656008583C5 /* Assets.xcassets */,
				FB35B6A2293199E7007E9235 /* AvisoDePrivacidadController.swift */,
				FBB6B11429148B3700DA7E84 /* CompanyController.swift */,
				FBB91893292DABC300E1688F /* ConfigureViewController.swift */,
				FBB91891292D9B9F00E1688F /* CreateGroupController.swift */,
				FB549D662935959E002502E2 /* CurrentLection.swift */,
				FB549D692935959E002502E2 /* DiccionarioController.swift */,
				FB549D672935959E002502E2 /* DiccionarioTableViewCell.swift */,
				FB549D652935959E002502E2 /* DiccionarioTableViewCell.xib */,
				FB55933E2935A0EA00033CFB /* DictionaryTableViewCell.swift */,
				FB5593402935A0F600033CFB /* DictionaryTableViewCell.xib */,
				FB477B692927197900E7C24E /* ExamController.swift */,
				FB549D682935959E002502E2 /* ExamVocabTableViewCell.swift */,
				FB549D6A2935959E002502E2 /* ExamVocabTableViewCell.xib */,
				FB0B646329247580007EA574 /* ExamVocabularyController.swift */,
				FBFBE71929306644008583C5 /* GoogleService-Info.plist */,
				FB549D6D2935959E002502E2 /* GroupsTableViewCell.swift */,
				FB549D622935959D002502E2 /* GroupsTableViewCell.xib */,
				FB549D612935959D002502E2 /* GroupsViewController.swift */,
				FB549D702935959E002502E2 /* Info.plist */,
				FBFBE71129304D35008583C5 /* JoinGroupController.swift */,
				FBB6B10729132EC600DA7E84 /* LaunchScreen.storyboard */,
				FBB6B11629148D8800DA7E84 /* LectionController.swift */,
				FB549D602935959D002502E2 /* LectionExamTableViewCell.swift */,
				FB549D6B2935959E002502E2 /* LectionExamTableViewCell.xib */,
				FBB6B11929148DAA00DA7E84 /* LectionTable.swift */,
				FB549D5F2935959D002502E2 /* LectionTableViewCell.swift */,
				FB549D632935959E002502E2 /* LectionTableViewCell.xib */,
				FBB6B10229132EC300DA7E84 /* Main.storyboard */,
				FB3745872936C50700F363F1 /* MemberProfileController.swift */,
				FB549D642935959E002502E2 /* MyExamsTableViewCell.swift */,
				FB549D6E2935959E002502E2 /* MyExamsTableViewCell.xib */,
				FBB6B11D2915548100DA7E84 /* ProfileController.swift */,
				FBB6B0FE29132EC300DA7E84 /* SceneDelegate.swift */,
				FB3745852936C4FA00F363F1 /* Settings.swift */,
				FBB6B11B2915490F00DA7E84 /* SignUpController.swift */,
				FBFBE71729306148008583C5 /* Variables.swift */,
				FBB6B10029132EC300DA7E84 /* ViewController.swift */,
			);
			path = SignLanguage;
			sourceTree = "<group>";
		};
		FBFBE7152930534B008583C5 /* Recovered References */ = {
			isa = PBXGroup;
			children = (
			);
			name = "Recovered References";
			sourceTree = "<group>";
		};
/* End PBXGroup section */

/* Begin PBXNativeTarget section */
		FBB6B0F829132EC300DA7E84 /* SignLanguage */ = {
			isa = PBXNativeTarget;
			buildConfigurationList = FBB6B10D29132EC600DA7E84 /* Build configuration list for PBXNativeTarget "SignLanguage" */;
			buildPhases = (
				FBB6B0F529132EC300DA7E84 /* Sources */,
				FBB6B0F629132EC300DA7E84 /* Frameworks */,
				FBB6B0F729132EC300DA7E84 /* Resources */,
			);
			buildRules = (
			);
			dependencies = (
			);
			name = SignLanguage;
			packageProductDependencies = (
				FB7EF70A291B3DDC006FA908 /* DropDown */,
				FBE5526E291DE415009F443F /* FirebaseAnalytics */,
				FBE55270291DE415009F443F /* FirebaseAuth */,
				FBE55272291DE415009F443F /* FirebaseDatabase */,
				FBE55274291DE415009F443F /* FirebaseFirestore */,
				FBE55276291DE415009F443F /* FirebaseFirestoreCombine-Community */,
				FBE55278291DE415009F443F /* FirebaseFirestoreSwift */,
			);
			productName = SignLanguage;
			productReference = FBB6B0F929132EC300DA7E84 /* SignLanguage.app */;
			productType = "com.apple.product-type.application";
		};
/* End PBXNativeTarget section */

/* Begin PBXProject section */
		FBB6B0F129132EC300DA7E84 /* Project object */ = {
			isa = PBXProject;
			attributes = {
				BuildIndependentTargetsInParallel = 1;
				LastSwiftUpdateCheck = 1340;
				LastUpgradeCheck = 1340;
				TargetAttributes = {
					FBB6B0F829132EC300DA7E84 = {
						CreatedOnToolsVersion = 13.4.1;
					};
				};
			};
			buildConfigurationList = FBB6B0F429132EC300DA7E84 /* Build configuration list for PBXProject "SignLanguage" */;
			compatibilityVersion = "Xcode 13.0";
			developmentRegion = en;
			hasScannedForEncodings = 0;
			knownRegions = (
				en,
				Base,
			);
			mainGroup = FBB6B0F029132EC300DA7E84;
			packageReferences = (
				FB7EF709291B3DDC006FA908 /* XCRemoteSwiftPackageReference "DropDown" */,
				FBE5526D291DE415009F443F /* XCRemoteSwiftPackageReference "firebase-ios-sdk" */,
			);
			productRefGroup = FBB6B0FA29132EC300DA7E84 /* Products */;
			projectDirPath = "";
			projectRoot = "";
			targets = (
				FBB6B0F829132EC300DA7E84 /* SignLanguage */,
			);
		};
/* End PBXProject section */

/* Begin PBXResourcesBuildPhase section */
		FBB6B0F729132EC300DA7E84 /* Resources */ = {
			isa = PBXResourcesBuildPhase;
			buildActionMask = 2147483647;
			files = (
				FB549D772935959E002502E2 /* DiccionarioTableViewCell.xib in Resources */,
				FB5593412935A0F600033CFB /* DictionaryTableViewCell.xib in Resources */,
				FB549D7D2935959E002502E2 /* LectionExamTableViewCell.xib in Resources */,
				FB549D752935959E002502E2 /* LectionTableViewCell.xib in Resources */,
				FBB6B10929132EC600DA7E84 /* LaunchScreen.storyboard in Resources */,
				FBFBE71A29306644008583C5 /* GoogleService-Info.plist in Resources */,
				FB549D7C2935959E002502E2 /* ExamVocabTableViewCell.xib in Resources */,
				FB549D802935959E002502E2 /* MyExamsTableViewCell.xib in Resources */,
				FB549D742935959E002502E2 /* GroupsTableViewCell.xib in Resources */,
				FBB6B10429132EC300DA7E84 /* Main.storyboard in Resources */,
				FBFBE71C29306656008583C5 /* Assets.xcassets in Resources */,
			);
			runOnlyForDeploymentPostprocessing = 0;
		};
/* End PBXResourcesBuildPhase section */

/* Begin PBXSourcesBuildPhase section */
		FBB6B0F529132EC300DA7E84 /* Sources */ = {
			isa = PBXSourcesBuildPhase;
			buildActionMask = 2147483647;
			files = (
				FB549D782935959E002502E2 /* CurrentLection.swift in Sources */,
				FB3745882936C50800F363F1 /* MemberProfileController.swift in Sources */,
				FB0B646429247580007EA574 /* ExamVocabularyController.swift in Sources */,
				FBB6B10129132EC300DA7E84 /* ViewController.swift in Sources */,
				FBB6B11729148D8800DA7E84 /* LectionController.swift in Sources */,
				FBFBE71229304D35008583C5 /* JoinGroupController.swift in Sources */,
				FB549D712935959E002502E2 /* LectionTableViewCell.swift in Sources */,
				FBB6B11C2915490F00DA7E84 /* SignUpController.swift in Sources */,
				FB549D7F2935959E002502E2 /* GroupsTableViewCell.swift in Sources */,
				FBB91892292D9B9F00E1688F /* CreateGroupController.swift in Sources */,
				FB549D722935959E002502E2 /* LectionExamTableViewCell.swift in Sources */,
				FB35B6A3293199E7007E9235 /* AvisoDePrivacidadController.swift in Sources */,
				FBB91894292DABC300E1688F /* ConfigureViewController.swift in Sources */,
				FBB6B11529148B3700DA7E84 /* CompanyController.swift in Sources */,
				FBB6B0FD29132EC300DA7E84 /* AppDelegate.swift in Sources */,
				FB549D762935959E002502E2 /* MyExamsTableViewCell.swift in Sources */,
				FB549D7B2935959E002502E2 /* DiccionarioController.swift in Sources */,
				FB549D792935959E002502E2 /* DiccionarioTableViewCell.swift in Sources */,
				FB55933F2935A0EA00033CFB /* DictionaryTableViewCell.swift in Sources */,
				FBFBE71829306148008583C5 /* Variables.swift in Sources */,
				FB549D7A2935959E002502E2 /* ExamVocabTableViewCell.swift in Sources */,
				FBB6B0FF29132EC300DA7E84 /* SceneDelegate.swift in Sources */,
				FBB6B11A29148DAA00DA7E84 /* LectionTable.swift in Sources */,
				FB549D732935959E002502E2 /* GroupsViewController.swift in Sources */,
				FBB6B11E2915548100DA7E84 /* ProfileController.swift in Sources */,
				FB3745862936C4FA00F363F1 /* Settings.swift in Sources */,
				FB85CF33292E6235007F1DA6 /* AdminProfileController.swift in Sources */,
				FB477B6A2927197900E7C24E /* ExamController.swift in Sources */,
			);
			runOnlyForDeploymentPostprocessing = 0;
		};
/* End PBXSourcesBuildPhase section */

/* Begin PBXVariantGroup section */
		FBB6B10229132EC300DA7E84 /* Main.storyboard */ = {
			isa = PBXVariantGroup;
			children = (
				FBB6B10329132EC300DA7E84 /* Base */,
			);
			name = Main.storyboard;
			sourceTree = "<group>";
		};
		FBB6B10729132EC600DA7E84 /* LaunchScreen.storyboard */ = {
			isa = PBXVariantGroup;
			children = (
				FBB6B10829132EC600DA7E84 /* Base */,
			);
			name = LaunchScreen.storyboard;
			sourceTree = "<group>";
		};
/* End PBXVariantGroup section */

/* Begin XCBuildConfiguration section */
		FBB6B10B29132EC600DA7E84 /* Debug */ = {
			isa = XCBuildConfiguration;
			buildSettings = {
				ALWAYS_SEARCH_USER_PATHS = NO;
				CLANG_ANALYZER_NONNULL = YES;
				CLANG_ANALYZER_NUMBER_OBJECT_CONVERSION = YES_AGGRESSIVE;
				CLANG_CXX_LANGUAGE_STANDARD = "gnu++17";
				CLANG_ENABLE_MODULES = YES;
				CLANG_ENABLE_OBJC_ARC = YES;
				CLANG_ENABLE_OBJC_WEAK = YES;
				CLANG_WARN_BLOCK_CAPTURE_AUTORELEASING = YES;
				CLANG_WARN_BOOL_CONVERSION = YES;
				CLANG_WARN_COMMA = YES;
				CLANG_WARN_CONSTANT_CONVERSION = YES;
				CLANG_WARN_DEPRECATED_OBJC_IMPLEMENTATIONS = YES;
				CLANG_WARN_DIRECT_OBJC_ISA_USAGE = YES_ERROR;
				CLANG_WARN_DOCUMENTATION_COMMENTS = YES;
				CLANG_WARN_EMPTY_BODY = YES;
				CLANG_WARN_ENUM_CONVERSION = YES;
				CLANG_WARN_INFINITE_RECURSION = YES;
				CLANG_WARN_INT_CONVERSION = YES;
				CLANG_WARN_NON_LITERAL_NULL_CONVERSION = YES;
				CLANG_WARN_OBJC_IMPLICIT_RETAIN_SELF = YES;
				CLANG_WARN_OBJC_LITERAL_CONVERSION = YES;
				CLANG_WARN_OBJC_ROOT_CLASS = YES_ERROR;
				CLANG_WARN_QUOTED_INCLUDE_IN_FRAMEWORK_HEADER = YES;
				CLANG_WARN_RANGE_LOOP_ANALYSIS = YES;
				CLANG_WARN_STRICT_PROTOTYPES = YES;
				CLANG_WARN_SUSPICIOUS_MOVE = YES;
				CLANG_WARN_UNGUARDED_AVAILABILITY = YES_AGGRESSIVE;
				CLANG_WARN_UNREACHABLE_CODE = YES;
				CLANG_WARN__DUPLICATE_METHOD_MATCH = YES;
				COPY_PHASE_STRIP = NO;
				DEBUG_INFORMATION_FORMAT = dwarf;
				ENABLE_STRICT_OBJC_MSGSEND = YES;
				ENABLE_TESTABILITY = YES;
				GCC_C_LANGUAGE_STANDARD = gnu11;
				GCC_DYNAMIC_NO_PIC = NO;
				GCC_NO_COMMON_BLOCKS = YES;
				GCC_OPTIMIZATION_LEVEL = 0;
				GCC_PREPROCESSOR_DEFINITIONS = (
					"DEBUG=1",
					"$(inherited)",
				);
				GCC_WARN_64_TO_32_BIT_CONVERSION = YES;
				GCC_WARN_ABOUT_RETURN_TYPE = YES_ERROR;
				GCC_WARN_UNDECLARED_SELECTOR = YES;
				GCC_WARN_UNINITIALIZED_AUTOS = YES_AGGRESSIVE;
				GCC_WARN_UNUSED_FUNCTION = YES;
				GCC_WARN_UNUSED_VARIABLE = YES;
				IPHONEOS_DEPLOYMENT_TARGET = 15.5;
				MTL_ENABLE_DEBUG_INFO = INCLUDE_SOURCE;
				MTL_FAST_MATH = YES;
				ONLY_ACTIVE_ARCH = YES;
				SDKROOT = iphoneos;
				SWIFT_ACTIVE_COMPILATION_CONDITIONS = DEBUG;
				SWIFT_OPTIMIZATION_LEVEL = "-Onone";
			};
			name = Debug;
		};
		FBB6B10C29132EC600DA7E84 /* Release */ = {
			isa = XCBuildConfiguration;
			buildSettings = {
				ALWAYS_SEARCH_USER_PATHS = NO;
				CLANG_ANALYZER_NONNULL = YES;
				CLANG_ANALYZER_NUMBER_OBJECT_CONVERSION = YES_AGGRESSIVE;
				CLANG_CXX_LANGUAGE_STANDARD = "gnu++17";
				CLANG_ENABLE_MODULES = YES;
				CLANG_ENABLE_OBJC_ARC = YES;
				CLANG_ENABLE_OBJC_WEAK = YES;
				CLANG_WARN_BLOCK_CAPTURE_AUTORELEASING = YES;
				CLANG_WARN_BOOL_CONVERSION = YES;
				CLANG_WARN_COMMA = YES;
				CLANG_WARN_CONSTANT_CONVERSION = YES;
				CLANG_WARN_DEPRECATED_OBJC_IMPLEMENTATIONS = YES;
				CLANG_WARN_DIRECT_OBJC_ISA_USAGE = YES_ERROR;
				CLANG_WARN_DOCUMENTATION_COMMENTS = YES;
				CLANG_WARN_EMPTY_BODY = YES;
				CLANG_WARN_ENUM_CONVERSION = YES;
				CLANG_WARN_INFINITE_RECURSION = YES;
				CLANG_WARN_INT_CONVERSION = YES;
				CLANG_WARN_NON_LITERAL_NULL_CONVERSION = YES;
				CLANG_WARN_OBJC_IMPLICIT_RETAIN_SELF = YES;
				CLANG_WARN_OBJC_LITERAL_CONVERSION = YES;
				CLANG_WARN_OBJC_ROOT_CLASS = YES_ERROR;
				CLANG_WARN_QUOTED_INCLUDE_IN_FRAMEWORK_HEADER = YES;
				CLANG_WARN_RANGE_LOOP_ANALYSIS = YES;
				CLANG_WARN_STRICT_PROTOTYPES = YES;
				CLANG_WARN_SUSPICIOUS_MOVE = YES;
				CLANG_WARN_UNGUARDED_AVAILABILITY = YES_AGGRESSIVE;
				CLANG_WARN_UNREACHABLE_CODE = YES;
				CLANG_WARN__DUPLICATE_METHOD_MATCH = YES;
				COPY_PHASE_STRIP = NO;
				DEBUG_INFORMATION_FORMAT = "dwarf-with-dsym";
				ENABLE_NS_ASSERTIONS = NO;
				ENABLE_STRICT_OBJC_MSGSEND = YES;
				GCC_C_LANGUAGE_STANDARD = gnu11;
				GCC_NO_COMMON_BLOCKS = YES;
				GCC_WARN_64_TO_32_BIT_CONVERSION = YES;
				GCC_WARN_ABOUT_RETURN_TYPE = YES_ERROR;
				GCC_WARN_UNDECLARED_SELECTOR = YES;
				GCC_WARN_UNINITIALIZED_AUTOS = YES_AGGRESSIVE;
				GCC_WARN_UNUSED_FUNCTION = YES;
				GCC_WARN_UNUSED_VARIABLE = YES;
				IPHONEOS_DEPLOYMENT_TARGET = 15.5;
				MTL_ENABLE_DEBUG_INFO = NO;
				MTL_FAST_MATH = YES;
				SDKROOT = iphoneos;
				SWIFT_COMPILATION_MODE = wholemodule;
				SWIFT_OPTIMIZATION_LEVEL = "-O";
				VALIDATE_PRODUCT = YES;
			};
			name = Release;
		};
		FBB6B10E29132EC600DA7E84 /* Debug */ = {
			isa = XCBuildConfiguration;
			buildSettings = {
				ASSETCATALOG_COMPILER_APPICON_NAME = AppIcon;
				ASSETCATALOG_COMPILER_GLOBAL_ACCENT_COLOR_NAME = AccentColor;
				CODE_SIGN_STYLE = Automatic;
				CURRENT_PROJECT_VERSION = 1;
				GENERATE_INFOPLIST_FILE = YES;
				INFOPLIST_FILE = SignLanguage/Info.plist;
				INFOPLIST_KEY_UIApplicationSupportsIndirectInputEvents = YES;
				INFOPLIST_KEY_UILaunchStoryboardName = LaunchScreen;
				INFOPLIST_KEY_UIMainStoryboardFile = Main;
				INFOPLIST_KEY_UISupportedInterfaceOrientations_iPad = "UIInterfaceOrientationPortrait UIInterfaceOrientationPortraitUpsideDown UIInterfaceOrientationLandscapeLeft UIInterfaceOrientationLandscapeRight";
				INFOPLIST_KEY_UISupportedInterfaceOrientations_iPhone = "UIInterfaceOrientationPortrait UIInterfaceOrientationLandscapeLeft UIInterfaceOrientationLandscapeRight";
				LD_RUNPATH_SEARCH_PATHS = (
					"$(inherited)",
					"@executable_path/Frameworks",
				);
				MARKETING_VERSION = 1.0;
				PRODUCT_BUNDLE_IDENTIFIER = "com.appMaquinhos.App-Etapa3";
				PRODUCT_NAME = "$(TARGET_NAME)";
				SWIFT_EMIT_LOC_STRINGS = YES;
				SWIFT_VERSION = 5.0;
				TARGETED_DEVICE_FAMILY = "1,2";
			};
			name = Debug;
		};
		FBB6B10F29132EC600DA7E84 /* Release */ = {
			isa = XCBuildConfiguration;
			buildSettings = {
				ASSETCATALOG_COMPILER_APPICON_NAME = AppIcon;
				ASSETCATALOG_COMPILER_GLOBAL_ACCENT_COLOR_NAME = AccentColor;
				CODE_SIGN_STYLE = Automatic;
				CURRENT_PROJECT_VERSION = 1;
				GENERATE_INFOPLIST_FILE = YES;
				INFOPLIST_FILE = SignLanguage/Info.plist;
				INFOPLIST_KEY_UIApplicationSupportsIndirectInputEvents = YES;
				INFOPLIST_KEY_UILaunchStoryboardName = LaunchScreen;
				INFOPLIST_KEY_UIMainStoryboardFile = Main;
				INFOPLIST_KEY_UISupportedInterfaceOrientations_iPad = "UIInterfaceOrientationPortrait UIInterfaceOrientationPortraitUpsideDown UIInterfaceOrientationLandscapeLeft UIInterfaceOrientationLandscapeRight";
				INFOPLIST_KEY_UISupportedInterfaceOrientations_iPhone = "UIInterfaceOrientationPortrait UIInterfaceOrientationLandscapeLeft UIInterfaceOrientationLandscapeRight";
				LD_RUNPATH_SEARCH_PATHS = (
					"$(inherited)",
					"@executable_path/Frameworks",
				);
				MARKETING_VERSION = 1.0;
				PRODUCT_BUNDLE_IDENTIFIER = "com.appMaquinhos.App-Etapa3";
				PRODUCT_NAME = "$(TARGET_NAME)";
				SWIFT_EMIT_LOC_STRINGS = YES;
				SWIFT_VERSION = 5.0;
				TARGETED_DEVICE_FAMILY = "1,2";
			};
			name = Release;
		};
/* End XCBuildConfiguration section */

/* Begin XCConfigurationList section */
		FBB6B0F429132EC300DA7E84 /* Build configuration list for PBXProject "SignLanguage" */ = {
			isa = XCConfigurationList;
			buildConfigurations = (
				FBB6B10B29132EC600DA7E84 /* Debug */,
				FBB6B10C29132EC600DA7E84 /* Release */,
			);
			defaultConfigurationIsVisible = 0;
			defaultConfigurationName = Release;
		};
		FBB6B10D29132EC600DA7E84 /* Build configuration list for PBXNativeTarget "SignLanguage" */ = {
			isa = XCConfigurationList;
			buildConfigurations = (
				FBB6B10E29132EC600DA7E84 /* Debug */,
				FBB6B10F29132EC600DA7E84 /* Release */,
			);
			defaultConfigurationIsVisible = 0;
			defaultConfigurationName = Release;
		};
/* End XCConfigurationList section */

/* Begin XCRemoteSwiftPackageReference section */
		FB7EF709291B3DDC006FA908 /* XCRemoteSwiftPackageReference "DropDown" */ = {
			isa = XCRemoteSwiftPackageReference;
			repositoryURL = "https://github.com/AssistoLab/DropDown.git";
			requirement = {
				branch = master;
				kind = branch;
			};
		};
		FBE5526D291DE415009F443F /* XCRemoteSwiftPackageReference "firebase-ios-sdk" */ = {
			isa = XCRemoteSwiftPackageReference;
			repositoryURL = "https://github.com/firebase/firebase-ios-sdk";
			requirement = {
				kind = upToNextMajorVersion;
				minimumVersion = 9.0.0;
			};
		};
/* End XCRemoteSwiftPackageReference section */

/* Begin XCSwiftPackageProductDependency section */
		FB7EF70A291B3DDC006FA908 /* DropDown */ = {
			isa = XCSwiftPackageProductDependency;
			package = FB7EF709291B3DDC006FA908 /* XCRemoteSwiftPackageReference "DropDown" */;
			productName = DropDown;
		};
		FBE5526E291DE415009F443F /* FirebaseAnalytics */ = {
			isa = XCSwiftPackageProductDependency;
			package = FBE5526D291DE415009F443F /* XCRemoteSwiftPackageReference "firebase-ios-sdk" */;
			productName = FirebaseAnalytics;
		};
		FBE55270291DE415009F443F /* FirebaseAuth */ = {
			isa = XCSwiftPackageProductDependency;
			package = FBE5526D291DE415009F443F /* XCRemoteSwiftPackageReference "firebase-ios-sdk" */;
			productName = FirebaseAuth;
		};
		FBE55272291DE415009F443F /* FirebaseDatabase */ = {
			isa = XCSwiftPackageProductDependency;
			package = FBE5526D291DE415009F443F /* XCRemoteSwiftPackageReference "firebase-ios-sdk" */;
			productName = FirebaseDatabase;
		};
		FBE55274291DE415009F443F /* FirebaseFirestore */ = {
			isa = XCSwiftPackageProductDependency;
			package = FBE5526D291DE415009F443F /* XCRemoteSwiftPackageReference "firebase-ios-sdk" */;
			productName = FirebaseFirestore;
		};
		FBE55276291DE415009F443F /* FirebaseFirestoreCombine-Community */ = {
			isa = XCSwiftPackageProductDependency;
			package = FBE5526D291DE415009F443F /* XCRemoteSwiftPackageReference "firebase-ios-sdk" */;
			productName = "FirebaseFirestoreCombine-Community";
		};
		FBE55278291DE415009F443F /* FirebaseFirestoreSwift */ = {
			isa = XCSwiftPackageProductDependency;
			package = FBE5526D291DE415009F443F /* XCRemoteSwiftPackageReference "firebase-ios-sdk" */;
			productName = FirebaseFirestoreSwift;
		};
/* End XCSwiftPackageProductDependency section */
	};
	rootObject = FBB6B0F129132EC300DA7E84 /* Project object */;
}
